// !$*UTF8*$!
{
	archiveVersion = 1;
	classes = {
	};
	objectVersion = 46;
	objects = {

/* Begin PBXBuildFile section */
		5B7BFB431EA54120008989BC /* AppDelegate.swift in Sources */ = {isa = PBXBuildFile; fileRef = 5B7BFB421EA54120008989BC /* AppDelegate.swift */; };
		5B7BFB451EA54120008989BC /* ViewController.swift in Sources */ = {isa = PBXBuildFile; fileRef = 5B7BFB441EA54120008989BC /* ViewController.swift */; };
		5B7BFB481EA54120008989BC /* Main.storyboard in Resources */ = {isa = PBXBuildFile; fileRef = 5B7BFB461EA54120008989BC /* Main.storyboard */; };
		5B7BFB4A1EA54120008989BC /* Assets.xcassets in Resources */ = {isa = PBXBuildFile; fileRef = 5B7BFB491EA54120008989BC /* Assets.xcassets */; };
		5B7BFB4D1EA54120008989BC /* LaunchScreen.storyboard in Resources */ = {isa = PBXBuildFile; fileRef = 5B7BFB4B1EA54120008989BC /* LaunchScreen.storyboard */; };
/* End PBXBuildFile section */

/* Begin PBXFileReference section */
		5B7BFB3F1EA54120008989BC /* GestureTutorial.app */ = {isa = PBXFileReference; explicitFileType = wrapper.application; includeInIndex = 0; path = GestureTutorial.app; sourceTree = BUILT_PRODUCTS_DIR; };
		5B7BFB421EA54120008989BC /* AppDelegate.swift */ = {isa = PBXFileReference; lastKnownFileType = sourcecode.swift; path = AppDelegate.swift; sourceTree = "<group>"; };
		5B7BFB441EA54120008989BC /* ViewController.swift */ = {isa = PBXFileReference; lastKnownFileType = sourcecode.swift; path = ViewController.swift; sourceTree = "<group>"; };
		5B7BFB471EA54120008989BC /* Base */ = {isa = PBXFileReference; lastKnownFileType = file.storyboard; name = Base; path = Base.lproj/Main.storyboard; sourceTree = "<group>"; };
		5B7BFB491EA54120008989BC /* Assets.xcassets */ = {isa = PBXFileReference; lastKnownFileType = folder.assetcatalog; path = Assets.xcassets; sourceTree = "<group>"; };
		5B7BFB4C1EA54120008989BC /* Base */ = {isa = PBXFileReference; lastKnownFileType = file.storyboard; name = Base; path = Base.lproj/LaunchScreen.storyboard; sourceTree = "<group>"; };
		5B7BFB4E1EA54120008989BC /* Info.plist */ = {isa = PBXFileReference; lastKnownFileType = text.plist.xml; path = Info.plist; sourceTree = "<group>"; };
/* End PBXFileReference section */

/* Begin PBXFrameworksBuildPhase section */
		5B7BFB3C1EA54120008989BC /* Frameworks */ = {
			isa = PBXFrameworksBuildPhase;
			buildActionMask = 2147483647;
			files = (
			);
			runOnlyForDeploymentPostprocessing = 0;
		};
/* End PBXFrameworksBuildPhase section */

/* Begin PBXGroup section */
		5B7BFB361EA54120008989BC = {
			isa = PBXGroup;
			children = (
				5B7BFB411EA54120008989BC /* GestureTutorial */,
				5B7BFB401EA54120008989BC /* Products */,
			);
			sourceTree = "<group>";
		};
		5B7BFB401EA54120008989BC /* Products */ = {
			isa = PBXGroup;
			children = (
				5B7BFB3F1EA54120008989BC /* GestureTutorial.app */,
			);
			name = Products;
			sourceTree = "<group>";
		};
		5B7BFB411EA54120008989BC /* GestureTutorial */ = {
			isa = PBXGroup;
			children = (
				5B7BFB421EA54120008989BC /* AppDelegate.swift */,
				5B7BFB441EA54120008989BC /* ViewController.swift */,
				5B7BFB461EA54120008989BC /* Main.storyboard */,
				5B7BFB491EA54120008989BC /* Assets.xcassets */,
				5B7BFB4B1EA54120008989BC /* LaunchScreen.storyboard */,
				5B7BFB4E1EA54120008989BC /* Info.plist */,
			);
			path = GestureTutorial;
			sourceTree = "<group>";
		};
/* End PBXGroup section */

/* Begin PBXNativeTarget section */
		5B7BFB3E1EA54120008989BC /* GestureTutorial */ = {
			isa = PBXNativeTarget;
			buildConfigurationList = 5B7BFB511EA54120008989BC /* Build configuration list for PBXNativeTarget "GestureTutorial" */;
			buildPhases = (
				5B7BFB3B1EA54120008989BC /* Sources */,
				5B7BFB3C1EA54120008989BC /* Frameworks */,
				5B7BFB3D1EA54120008989BC /* Resources */,
			);
			buildRules = (
			);
			dependencies = (
			);
			name = GestureTutorial;
			productName = GestureTutorial;
			productReference = 5B7BFB3F1EA54120008989BC /* GestureTutorial.app */;
			productType = "com.apple.product-type.application";
		};
/* End PBXNativeTarget section */

/* Begin PBXProject section */
		5B7BFB371EA54120008989BC /* Project object */ = {
			isa = PBXProject;
			attributes = {
				LastSwiftUpdateCheck = 0830;
				LastUpgradeCheck = 0830;
				ORGANIZATIONNAME = Aenyxes;
				TargetAttributes = {
					5B7BFB3E1EA54120008989BC = {
						CreatedOnToolsVersion = 8.3;
						DevelopmentTeam = TTL2AH29LK;
						ProvisioningStyle = Automatic;
					};
				};
			};
			buildConfigurationList = 5B7BFB3A1EA54120008989BC /* Build configuration list for PBXProject "GestureTutorial" */;
			compatibilityVersion = "Xcode 3.2";
			developmentRegion = English;
			hasScannedForEncodings = 0;
			knownRegions = (
				en,
				Base,
			);
			mainGroup = 5B7BFB361EA54120008989BC;
			productRefGroup = 5B7BFB401EA54120008989BC /* Products */;
			projectDirPath = "";
			projectRoot = "";
			targets = (
				5B7BFB3E1EA54120008989BC /* GestureTutorial */,
			);
		};
/* End PBXProject section */

/* Begin PBXResourcesBuildPhase section */
		5B7BFB3D1EA54120008989BC /* Resources */ = {
			isa = PBXResourcesBuildPhase;
			buildActionMask = 2147483647;
			files = (
				5B7BFB4D1EA54120008989BC /* LaunchScreen.storyboard in Resources */,
				5B7BFB4A1EA54120008989BC /* Assets.xcassets in Resources */,
				5B7BFB481EA54120008989BC /* Main.storyboard in Resources */,
			);
			runOnlyForDeploymentPostprocessing = 0;
		};
/* End PBXResourcesBuildPhase section */

/* Begin PBXSourcesBuildPhase section */
		5B7BFB3B1EA54120008989BC /* Sources */ = {
			isa = PBXSourcesBuildPhase;
			buildActionMask = 2147483647;
			files = (
				5B7BFB451EA54120008989BC /* ViewController.swift in Sources */,
				5B7BFB431EA54120008989BC /* AppDelegate.swift in Sources */,
			);
			runOnlyForDeploymentPostprocessing = 0;
		};
/* End PBXSourcesBuildPhase section */

/* Begin PBXVariantGroup section */
		5B7BFB461EA54120008989BC /* Main.storyboard */ = {
			isa = PBXVariantGroup;
			children = (
				5B7BFB471EA54120008989BC /* Base */,
			);
			name = Main.storyboard;
			sourceTree = "<group>";
		};
		5B7BFB4B1EA54120008989BC /* LaunchScreen.storyboard */ = {
			isa = PBXVariantGroup;
			children = (
				5B7BFB4C1EA54120008989BC /* Base */,
			);
			name = LaunchScreen.storyboard;
			sourceTree = "<group>";
		};
/* End PBXVariantGroup section */

/* Begin XCBuildConfiguration section */
		5B7BFB4F1EA54120008989BC /* Debug */ = {
			isa = XCBuildConfiguration;
			buildSettings = {
				ALWAYS_SEARCH_USER_PATHS = NO;
				CLANG_ANALYZER_NONNULL = YES;
				CLANG_ANALYZER_NUMBER_OBJECT_CONVERSION = YES_AGGRESSIVE;
				CLANG_CXX_LANGUAGE_STANDARD = "gnu++0x";
				CLANG_CXX_LIBRARY = "libc++";
				CLANG_ENABLE_MODULES = YES;
				CLANG_ENABLE_OBJC_ARC = YES;
				CLANG_WARN_BOOL_CONVERSION = YES;
				CLANG_WARN_CONSTANT_CONVERSION = YES;
				CLANG_WARN_DIRECT_OBJC_ISA_USAGE = YES_ERROR;
				CLANG_WARN_DOCUMENTATION_COMMENTS = YES;
				CLANG_WARN_EMPTY_BODY = YES;
				CLANG_WARN_ENUM_CONVERSION = YES;
				CLANG_WARN_INFINITE_RECURSION = YES;
				CLANG_WARN_INT_CONVERSION = YES;
				CLANG_WARN_OBJC_ROOT_CLASS = YES_ERROR;
				CLANG_WARN_SUSPICIOUS_MOVE = YES;
				CLANG_WARN_UNREACHABLE_CODE = YES;
				CLANG_WARN__DUPLICATE_METHOD_MATCH = YES;
				"CODE_SIGN_IDENTITY[sdk=iphoneos*]" = "iPhone Developer";
				COPY_PHASE_STRIP = NO;
				DEBUG_INFORMATION_FORMAT = dwarf;
				ENABLE_STRICT_OBJC_MSGSEND = YES;
				ENABLE_TESTABILITY = YES;
				GCC_C_LANGUAGE_STANDARD = gnu99;
				GCC_DYNAMIC_NO_PIC = NO;
				GCC_NO_COMMON_BLOCKS = YES;
				GCC_OPTIMIZATION_LEVEL = 0;
				GCC_PREPROCESSOR_DEFINITIONS = (
					"DEBUG=1",
					"$(inherited)",
				);
				GCC_WARN_64_TO_32_BIT_CONVERSION = YES;
				GCC_WARN_ABOUT_RETURN_TYPE = YES_ERROR;
				GCC_WARN_UNDECLARED_SELECTOR = YES;
				GCC_WARN_UNINITIALIZED_AUTOS = YES_AGGRESSIVE;
				GCC_WARN_UNUSED_FUNCTION = YES;
				GCC_WARN_UNUSED_VARIABLE = YES;
				IPHONEOS_DEPLOYMENT_TARGET = 10.3;
				MTL_ENABLE_DEBUG_INFO = YES;
				ONLY_ACTIVE_ARCH = YES;
				SDKROOT = iphoneos;
				SWIFT_ACTIVE_COMPILATION_CONDITIONS = DEBUG;
				SWIFT_OPTIMIZATION_LEVEL = "-Onone";
				TARGETED_DEVICE_FAMILY = "1,2";
			};
			name = Debug;
		};
		5B7BFB501EA54120008989BC /* Release */ = {
			isa = XCBuildConfiguration;
			buildSettings = {
				ALWAYS_SEARCH_USER_PATHS = NO;
				CLANG_ANALYZER_NONNULL = YES;
				CLANG_ANALYZER_NUMBER_OBJECT_CONVERSION = YES_AGGRESSIVE;
				CLANG_CXX_LANGUAGE_STANDARD = "gnu++0x";
				CLANG_CXX_LIBRARY = "libc++";
				CLANG_ENABLE_MODULES = YES;
				CLANG_ENABLE_OBJC_ARC = YES;
				CLANG_WARN_BOOL_CONVERSION = YES;
				CLANG_WARN_CONSTANT_CONVERSION = YES;
				CLANG_WARN_DIRECT_OBJC_ISA_USAGE = YES_ERROR;
				CLANG_WARN_DOCUMENTATION_COMMENTS = YES;
				CLANG_WARN_EMPTY_BODY = YES;
				CLANG_WARN_ENUM_CONVERSION = YES;
				CLANG_WARN_INFINITE_RECURSION = YES;
				CLANG_WARN_INT_CONVERSION = YES;
				CLANG_WARN_OBJC_ROOT_CLASS = YES_ERROR;
				CLANG_WARN_SUSPICIOUS_MOVE = YES;
				CLANG_WARN_UNREACHABLE_CODE = YES;
				CLANG_WARN__DUPLICATE_METHOD_MATCH = YES;
				"CODE_SIGN_IDENTITY[sdk=iphoneos*]" = "iPhone Developer";
				COPY_PHASE_STRIP = NO;
				DEBUG_INFORMATION_FORMAT = "dwarf-with-dsym";
				ENABLE_NS_ASSERTIONS = NO;
				ENABLE_STRICT_OBJC_MSGSEND = YES;
				GCC_C_LANGUAGE_STANDARD = gnu99;
				GCC_NO_COMMON_BLOCKS = YES;
				GCC_WARN_64_TO_32_BIT_CONVERSION = YES;
				GCC_WARN_ABOUT_RETURN_TYPE = YES_ERROR;
				GCC_WARN_UNDECLARED_SELECTOR = YES;
				GCC_WARN_UNINITIALIZED_AUTOS = YES_AGGRESSIVE;
				GCC_WARN_UNUSED_FUNCTION = YES;
				GCC_WARN_UNUSED_VARIABLE = YES;
				IPHONEOS_DEPLOYMENT_TARGET = 10.3;
				MTL_ENABLE_DEBUG_INFO = NO;
				SDKROOT = iphoneos;
				SWIFT_OPTIMIZATION_LEVEL = "-Owholemodule";
				TARGETED_DEVICE_FAMILY = "1,2";
				VALIDATE_PRODUCT = YES;
			};
			name = Release;
		};
		5B7BFB521EA54120008989BC /* Debug */ = {
			isa = XCBuildConfiguration;
			buildSettings = {
				ASSETCATALOG_COMPILER_APPICON_NAME = AppIcon;
				DEVELOPMENT_TEAM = TTL2AH29LK;
				INFOPLIST_FILE = GestureTutorial/Info.plist;
				LD_RUNPATH_SEARCH_PATHS = "$(inherited) @executable_path/Frameworks";
				PRODUCT_BUNDLE_IDENTIFIER = br.Aenyxes.GestureTutorial;
				PRODUCT_NAME = "$(TARGET_NAME)";
				SWIFT_VERSION = 3.0;
			};
			name = Debug;
		};
		5B7BFB531EA54120008989BC /* Release */ = {
			isa = XCBuildConfiguration;
			buildSettings = {
				ASSETCATALOG_COMPILER_APPICON_NAME = AppIcon;
				DEVELOPMENT_TEAM = TTL2AH29LK;
				INFOPLIST_FILE = GestureTutorial/Info.plist;
				LD_RUNPATH_SEARCH_PATHS = "$(inherited) @executable_path/Frameworks";
				PRODUCT_BUNDLE_IDENTIFIER = br.Aenyxes.GestureTutorial;
				PRODUCT_NAME = "$(TARGET_NAME)";
				SWIFT_VERSION = 3.0;
			};
			name = Release;
		};
/* End XCBuildConfiguration section */

/* Begin XCConfigurationList section */
		5B7BFB3A1EA54120008989BC /* Build configuration list for PBXProject "GestureTutorial" */ = {
			isa = XCConfigurationList;
			buildConfigurations = (
				5B7BFB4F1EA54120008989BC /* Debug */,
				5B7BFB501EA54120008989BC /* Release */,
			);
			defaultConfigurationIsVisible = 0;
			defaultConfigurationName = Release;
		};
		5B7BFB511EA54120008989BC /* Build configuration list for PBXNativeTarget "GestureTutorial" */ = {
			isa = XCConfigurationList;
			buildConfigurations = (
				5B7BFB521EA54120008989BC /* Debug */,
				5B7BFB531EA54120008989BC /* Release */,
			);
			defaultConfigurationIsVisible = 0;
		};
/* End XCConfigurationList section */
	};
	rootObject = 5B7BFB371EA54120008989BC /* Project object */;
}
